
Microsoft Visual Studio Solution File, Format Version 12.00
# Visual Studio Version 17
VisualStudioVersion = 17.6.33829.357
MinimumVisualStudioVersion = 10.0.40219.1
Project("{FAE04EC0-301F-11D3-BF4B-00C04F79EFBC}") = "RestoranWeb", "RestoranWeb\RestoranWeb.csproj", "{5F621382-2154-41FB-8102-6ED5D9651C11}"
EndProject
Global
	GlobalSection(SolutionConfigurationPlatforms) = preSolution
		Debug|Any CPU = Debug|Any CPU
		Release|Any CPU = Release|Any CPU
	EndGlobalSection
	GlobalSection(ProjectConfigurationPlatforms) = postSolution
		{5F621382-2154-41FB-8102-6ED5D9651C11}.Debug|Any CPU.ActiveCfg = Debug|Any CPU
		{5F621382-2154-41FB-8102-6ED5D9651C11}.Debug|Any CPU.Build.0 = Debug|Any CPU
		{5F621382-2154-41FB-8102-6ED5D9651C11}.Release|Any CPU.ActiveCfg = Release|Any CPU
		{5F621382-2154-41FB-8102-6ED5D9651C11}.Release|Any CPU.Build.0 = Release|Any CPU
	EndGlobalSection
	GlobalSection(SolutionProperties) = preSolution
		HideSolutionNode = FALSE
	EndGlobalSection
	GlobalSection(ExtensibilityGlobals) = postSolution
		SolutionGuid = {F98DEC36-B21F-496B-85FD-622E4CECFA8C}
	EndGlobalSection
EndGlobal
